
Microsoft Visual Studio Solution File, Format Version 12.00
# Visual Studio Version 16
VisualStudioVersion = 16.0.29409.12
MinimumVisualStudioVersion = 10.0.40219.1
Project("{9A19103F-16F7-4668-BE54-9A1E7A4F7556}") = "CypherBot", "CypherBot\CypherBot.csproj", "{E2AE288C-2DEB-4FC1-B165-797203080E73}"
EndProject
Project("{9A19103F-16F7-4668-BE54-9A1E7A4F7556}") = "CypherBot.Core", "CypherBot.Core\CypherBot.Core.csproj", "{F2DC519F-2F48-474A-96CD-7A9E3421BD5C}"
EndProject
Project("{9A19103F-16F7-4668-BE54-9A1E7A4F7556}") = "CypherBot.Core.Tests", "CypherBot.Core.Tests\CypherBot.Core.Tests.csproj", "{E9A5F74A-8875-4DF4-AFD3-CB3D2957D1FE}"
EndProject
Project("{9A19103F-16F7-4668-BE54-9A1E7A4F7556}") = "CypherBot.Blazor.Server", "CypherBot.Blazor\Server\CypherBot.Blazor.Server.csproj", "{7BC730C7-CA4E-4145-9263-B0BF09A9FFCF}"
EndProject
Project("{9A19103F-16F7-4668-BE54-9A1E7A4F7556}") = "CypherBot.Blazor.Client", "CypherBot.Blazor\Client\CypherBot.Blazor.Client.csproj", "{A31CC8B5-7213-4EA6-9B1D-A93CF276B2B0}"
EndProject
Global
	GlobalSection(SolutionConfigurationPlatforms) = preSolution
		Debug|Any CPU = Debug|Any CPU
		Release|Any CPU = Release|Any CPU
	EndGlobalSection
	GlobalSection(ProjectConfigurationPlatforms) = postSolution
		{E2AE288C-2DEB-4FC1-B165-797203080E73}.Debug|Any CPU.ActiveCfg = Debug|Any CPU
		{E2AE288C-2DEB-4FC1-B165-797203080E73}.Debug|Any CPU.Build.0 = Debug|Any CPU
		{E2AE288C-2DEB-4FC1-B165-797203080E73}.Release|Any CPU.ActiveCfg = Release|Any CPU
		{E2AE288C-2DEB-4FC1-B165-797203080E73}.Release|Any CPU.Build.0 = Release|Any CPU
		{F2DC519F-2F48-474A-96CD-7A9E3421BD5C}.Debug|Any CPU.ActiveCfg = Debug|Any CPU
		{F2DC519F-2F48-474A-96CD-7A9E3421BD5C}.Debug|Any CPU.Build.0 = Debug|Any CPU
		{F2DC519F-2F48-474A-96CD-7A9E3421BD5C}.Release|Any CPU.ActiveCfg = Release|Any CPU
		{F2DC519F-2F48-474A-96CD-7A9E3421BD5C}.Release|Any CPU.Build.0 = Release|Any CPU
		{E9A5F74A-8875-4DF4-AFD3-CB3D2957D1FE}.Debug|Any CPU.ActiveCfg = Debug|Any CPU
		{E9A5F74A-8875-4DF4-AFD3-CB3D2957D1FE}.Debug|Any CPU.Build.0 = Debug|Any CPU
		{E9A5F74A-8875-4DF4-AFD3-CB3D2957D1FE}.Release|Any CPU.ActiveCfg = Release|Any CPU
		{E9A5F74A-8875-4DF4-AFD3-CB3D2957D1FE}.Release|Any CPU.Build.0 = Release|Any CPU
		{7BC730C7-CA4E-4145-9263-B0BF09A9FFCF}.Debug|Any CPU.ActiveCfg = Debug|Any CPU
		{7BC730C7-CA4E-4145-9263-B0BF09A9FFCF}.Debug|Any CPU.Build.0 = Debug|Any CPU
		{7BC730C7-CA4E-4145-9263-B0BF09A9FFCF}.Release|Any CPU.ActiveCfg = Release|Any CPU
		{7BC730C7-CA4E-4145-9263-B0BF09A9FFCF}.Release|Any CPU.Build.0 = Release|Any CPU
		{A31CC8B5-7213-4EA6-9B1D-A93CF276B2B0}.Debug|Any CPU.ActiveCfg = Debug|Any CPU
		{A31CC8B5-7213-4EA6-9B1D-A93CF276B2B0}.Debug|Any CPU.Build.0 = Debug|Any CPU
		{A31CC8B5-7213-4EA6-9B1D-A93CF276B2B0}.Release|Any CPU.ActiveCfg = Release|Any CPU
		{A31CC8B5-7213-4EA6-9B1D-A93CF276B2B0}.Release|Any CPU.Build.0 = Release|Any CPU
	EndGlobalSection
	GlobalSection(SolutionProperties) = preSolution
		HideSolutionNode = FALSE
	EndGlobalSection
	GlobalSection(ExtensibilityGlobals) = postSolution
		SolutionGuid = {101D2FF8-426F-4546-A571-302E3561240E}
	EndGlobalSection
EndGlobal
