
Microsoft Visual Studio Solution File, Format Version 12.00
# Visual Studio 15
VisualStudioVersion = 15.0.28010.2050
MinimumVisualStudioVersion = 10.0.40219.1
Project("{9A19103F-16F7-4668-BE54-9A1E7A4F7556}") = "CypherBot", "CypherBot\CypherBot.csproj", "{E2AE288C-2DEB-4FC1-B165-797203080E73}"
EndProject
Project("{9A19103F-16F7-4668-BE54-9A1E7A4F7556}") = "CypherBot.DataAccess", "CypherBot.DataAccess\CypherBot.DataAccess.csproj", "{64D1343C-481F-478D-B834-592FEB2384DF}"
EndProject
Project("{9A19103F-16F7-4668-BE54-9A1E7A4F7556}") = "CypherBot.Models", "CypherBot.Models\CypherBot.Models.csproj", "{CAD719A4-A4AB-475E-9078-893170BB0A30}"
EndProject
Project("{9A19103F-16F7-4668-BE54-9A1E7A4F7556}") = "CypherBot.Tests", "CypherBot.Tests\CypherBot.Tests.csproj", "{F80C1C92-6F21-4DFF-86C2-05FAF807118A}"
EndProject
Global
	GlobalSection(SolutionConfigurationPlatforms) = preSolution
		Debug|Any CPU = Debug|Any CPU
		Release|Any CPU = Release|Any CPU
	EndGlobalSection
	GlobalSection(ProjectConfigurationPlatforms) = postSolution
		{E2AE288C-2DEB-4FC1-B165-797203080E73}.Debug|Any CPU.ActiveCfg = Debug|Any CPU
		{E2AE288C-2DEB-4FC1-B165-797203080E73}.Debug|Any CPU.Build.0 = Debug|Any CPU
		{E2AE288C-2DEB-4FC1-B165-797203080E73}.Release|Any CPU.ActiveCfg = Release|Any CPU
		{E2AE288C-2DEB-4FC1-B165-797203080E73}.Release|Any CPU.Build.0 = Release|Any CPU
		{64D1343C-481F-478D-B834-592FEB2384DF}.Debug|Any CPU.ActiveCfg = Debug|Any CPU
		{64D1343C-481F-478D-B834-592FEB2384DF}.Debug|Any CPU.Build.0 = Debug|Any CPU
		{64D1343C-481F-478D-B834-592FEB2384DF}.Release|Any CPU.ActiveCfg = Release|Any CPU
		{64D1343C-481F-478D-B834-592FEB2384DF}.Release|Any CPU.Build.0 = Release|Any CPU
		{CAD719A4-A4AB-475E-9078-893170BB0A30}.Debug|Any CPU.ActiveCfg = Debug|Any CPU
		{CAD719A4-A4AB-475E-9078-893170BB0A30}.Debug|Any CPU.Build.0 = Debug|Any CPU
		{CAD719A4-A4AB-475E-9078-893170BB0A30}.Release|Any CPU.ActiveCfg = Release|Any CPU
		{CAD719A4-A4AB-475E-9078-893170BB0A30}.Release|Any CPU.Build.0 = Release|Any CPU
		{F80C1C92-6F21-4DFF-86C2-05FAF807118A}.Debug|Any CPU.ActiveCfg = Debug|Any CPU
		{F80C1C92-6F21-4DFF-86C2-05FAF807118A}.Debug|Any CPU.Build.0 = Debug|Any CPU
		{F80C1C92-6F21-4DFF-86C2-05FAF807118A}.Release|Any CPU.ActiveCfg = Release|Any CPU
		{F80C1C92-6F21-4DFF-86C2-05FAF807118A}.Release|Any CPU.Build.0 = Release|Any CPU
	EndGlobalSection
	GlobalSection(SolutionProperties) = preSolution
		HideSolutionNode = FALSE
	EndGlobalSection
	GlobalSection(ExtensibilityGlobals) = postSolution
		SolutionGuid = {101D2FF8-426F-4546-A571-302E3561240E}
	EndGlobalSection
EndGlobal
